
Microsoft Visual Studio Solution File, Format Version 12.00
# Visual Studio Version 16
VisualStudioVersion = 16.0.29613.14
MinimumVisualStudioVersion = 10.0.40219.1
Project("{FAE04EC0-301F-11D3-BF4B-00C04F79EFBC}") = "GameWebProject", "GameWebProject\GameWebProject.csproj", "{4653F586-0FBB-4C48-B43D-58B816FC6E70}"
EndProject
Global
	GlobalSection(SolutionConfigurationPlatforms) = preSolution
		Debug|Any CPU = Debug|Any CPU
		Release|Any CPU = Release|Any CPU
	EndGlobalSection
	GlobalSection(ProjectConfigurationPlatforms) = postSolution
		{4653F586-0FBB-4C48-B43D-58B816FC6E70}.Debug|Any CPU.ActiveCfg = Debug|Any CPU
		{4653F586-0FBB-4C48-B43D-58B816FC6E70}.Debug|Any CPU.Build.0 = Debug|Any CPU
		{4653F586-0FBB-4C48-B43D-58B816FC6E70}.Release|Any CPU.ActiveCfg = Release|Any CPU
		{4653F586-0FBB-4C48-B43D-58B816FC6E70}.Release|Any CPU.Build.0 = Release|Any CPU
	EndGlobalSection
	GlobalSection(SolutionProperties) = preSolution
		HideSolutionNode = FALSE
	EndGlobalSection
	GlobalSection(ExtensibilityGlobals) = postSolution
		SolutionGuid = {D7556984-7AF2-4B9F-BCA2-12DAEFB35466}
	EndGlobalSection
EndGlobal
